
Microsoft Visual Studio Solution File, Format Version 12.00
# Visual Studio Version 16
VisualStudioVersion = 16.0.30309.148
MinimumVisualStudioVersion = 10.0.40219.1
Project("{FAE04EC0-301F-11D3-BF4B-00C04F79EFBC}") = "GuildStats", "src\GuildStats.csproj", "{77F6BF7F-0F7A-44C4-8641-AC6BA26A17DC}"
EndProject
Global
	GlobalSection(SolutionConfigurationPlatforms) = preSolution
		Debug|Any CPU = Debug|Any CPU
		Release|Any CPU = Release|Any CPU
	EndGlobalSection
	GlobalSection(ProjectConfigurationPlatforms) = postSolution
		{77F6BF7F-0F7A-44C4-8641-AC6BA26A17DC}.Debug|Any CPU.ActiveCfg = Debug|Any CPU
		{77F6BF7F-0F7A-44C4-8641-AC6BA26A17DC}.Debug|Any CPU.Build.0 = Debug|Any CPU
		{77F6BF7F-0F7A-44C4-8641-AC6BA26A17DC}.Release|Any CPU.ActiveCfg = Release|Any CPU
		{77F6BF7F-0F7A-44C4-8641-AC6BA26A17DC}.Release|Any CPU.Build.0 = Release|Any CPU
	EndGlobalSection
	GlobalSection(SolutionProperties) = preSolution
		HideSolutionNode = FALSE
	EndGlobalSection
	GlobalSection(ExtensibilityGlobals) = postSolution
		SolutionGuid = {90E3B184-19B5-40AA-B490-3D5AEBF4EE0E}
	EndGlobalSection
EndGlobal
